
Microsoft Visual Studio Solution File, Format Version 12.00
# Visual Studio 2013
VisualStudioVersion = 12.0.30723.0
MinimumVisualStudioVersion = 10.0.40219.1
Project("{FAE04EC0-301F-11D3-BF4B-00C04F79EFBC}") = "SInnovations.Gis.TileGrid", "SInnovations.Gis.TileGrid\SInnovations.Gis.TileGrid.csproj", "{A958DF54-4AB7-403E-B2A1-F3DB36F94228}"
EndProject
Project("{FAE04EC0-301F-11D3-BF4B-00C04F79EFBC}") = "SInnovations.Gis.VectorTiles", "SInnovations.Gis.VectorTiles\SInnovations.Gis.VectorTiles.csproj", "{E0086074-ECF3-40F3-8D78-FF297D2AA9D5}"
EndProject
Project("{FAE04EC0-301F-11D3-BF4B-00C04F79EFBC}") = "SInnovations.Gis.Vector", "SInnovations.Gis.Vector\SInnovations.Gis.Vector.csproj", "{4FD26D8F-6E0C-4001-93C8-6D9851AA8208}"
EndProject
Project("{FAE04EC0-301F-11D3-BF4B-00C04F79EFBC}") = "SInnovations.Gis.Tests", "SInnovations.Gis.Tests\SInnovations.Gis.Tests.csproj", "{E98955EA-F7C4-41CB-AC9F-4861CB1068E4}"
EndProject
Global
	GlobalSection(SolutionConfigurationPlatforms) = preSolution
		Debug|Any CPU = Debug|Any CPU
		Release|Any CPU = Release|Any CPU
	EndGlobalSection
	GlobalSection(ProjectConfigurationPlatforms) = postSolution
		{A958DF54-4AB7-403E-B2A1-F3DB36F94228}.Debug|Any CPU.ActiveCfg = Debug|Any CPU
		{A958DF54-4AB7-403E-B2A1-F3DB36F94228}.Debug|Any CPU.Build.0 = Debug|Any CPU
		{A958DF54-4AB7-403E-B2A1-F3DB36F94228}.Release|Any CPU.ActiveCfg = Release|Any CPU
		{A958DF54-4AB7-403E-B2A1-F3DB36F94228}.Release|Any CPU.Build.0 = Release|Any CPU
		{E0086074-ECF3-40F3-8D78-FF297D2AA9D5}.Debug|Any CPU.ActiveCfg = Debug|Any CPU
		{E0086074-ECF3-40F3-8D78-FF297D2AA9D5}.Debug|Any CPU.Build.0 = Debug|Any CPU
		{E0086074-ECF3-40F3-8D78-FF297D2AA9D5}.Release|Any CPU.ActiveCfg = Release|Any CPU
		{E0086074-ECF3-40F3-8D78-FF297D2AA9D5}.Release|Any CPU.Build.0 = Release|Any CPU
		{4FD26D8F-6E0C-4001-93C8-6D9851AA8208}.Debug|Any CPU.ActiveCfg = Debug|Any CPU
		{4FD26D8F-6E0C-4001-93C8-6D9851AA8208}.Debug|Any CPU.Build.0 = Debug|Any CPU
		{4FD26D8F-6E0C-4001-93C8-6D9851AA8208}.Release|Any CPU.ActiveCfg = Release|Any CPU
		{4FD26D8F-6E0C-4001-93C8-6D9851AA8208}.Release|Any CPU.Build.0 = Release|Any CPU
		{E98955EA-F7C4-41CB-AC9F-4861CB1068E4}.Debug|Any CPU.ActiveCfg = Debug|Any CPU
		{E98955EA-F7C4-41CB-AC9F-4861CB1068E4}.Debug|Any CPU.Build.0 = Debug|Any CPU
		{E98955EA-F7C4-41CB-AC9F-4861CB1068E4}.Release|Any CPU.ActiveCfg = Release|Any CPU
		{E98955EA-F7C4-41CB-AC9F-4861CB1068E4}.Release|Any CPU.Build.0 = Release|Any CPU
	EndGlobalSection
	GlobalSection(SolutionProperties) = preSolution
		HideSolutionNode = FALSE
	EndGlobalSection
EndGlobal
