
Microsoft Visual Studio Solution File, Format Version 12.00
# Visual Studio 2013
VisualStudioVersion = 12.0.30723.0
MinimumVisualStudioVersion = 10.0.40219.1
Project("{FAE04EC0-301F-11D3-BF4B-00C04F79EFBC}") = "SInnovations.Gis.TileGrid", "SInnovations.Gis.TileGrid\SInnovations.Gis.TileGrid.csproj", "{A958DF54-4AB7-403E-B2A1-F3DB36F94228}"
EndProject
Project("{FAE04EC0-301F-11D3-BF4B-00C04F79EFBC}") = "SInnovations.Gis.VectorTiles", "SInnovations.Gis.VectorTiles\SInnovations.Gis.VectorTiles.csproj", "{E0086074-ECF3-40F3-8D78-FF297D2AA9D5}"
EndProject
Project("{FAE04EC0-301F-11D3-BF4B-00C04F79EFBC}") = "SInnovations.Gis.Vector", "SInnovations.Gis.Vector\SInnovations.Gis.Vector.csproj", "{4FD26D8F-6E0C-4001-93C8-6D9851AA8208}"
EndProject
Project("{FAE04EC0-301F-11D3-BF4B-00C04F79EFBC}") = "SInnovations.Gis.Tests", "SInnovations.Gis.Tests\SInnovations.Gis.Tests.csproj", "{E98955EA-F7C4-41CB-AC9F-4861CB1068E4}"
EndProject
Project("{FAE04EC0-301F-11D3-BF4B-00C04F79EFBC}") = "SInnovations.Gis.VectorTiles.Host", "SInnovations.Gis.VectorTiles.Host\SInnovations.Gis.VectorTiles.Host.csproj", "{BA07322F-03CC-4B19-B8CE-D5487EF2E6E5}"
EndProject
Project("{FAE04EC0-301F-11D3-BF4B-00C04F79EFBC}") = "SInnovations.Gis.OgrHelpers", "SInnovations.Gis.OgrHelpers\SInnovations.Gis.OgrHelpers.csproj", "{A81CB465-2FD0-4CE7-AF77-9A18D50F7410}"
EndProject
Project("{2150E333-8FDC-42A3-9474-1A3956D46DE8}") = "Solution Items", "Solution Items", "{11EEFFEE-C18A-47AA-8A66-1F8CEA900125}"
	ProjectSection(SolutionItems) = preProject
		README.md = README.md
	EndProjectSection
EndProject
Project("{FAE04EC0-301F-11D3-BF4B-00C04F79EFBC}") = "SInnovations.Gis.Vector.Projections", "SInnovations.Gis.Vector.Projections\SInnovations.Gis.Vector.Projections.csproj", "{D7E8622A-2193-4ACB-8F6C-31DEFA236F84}"
EndProject
Project("{2150E333-8FDC-42A3-9474-1A3956D46DE8}") = ".nuget", ".nuget", "{BF6F735B-6960-4FC1-8DFB-138A2A1A8D5E}"
	ProjectSection(SolutionItems) = preProject
		.nuget\NuGet.Config = .nuget\NuGet.Config
		.nuget\NuGet.exe = .nuget\NuGet.exe
		.nuget\NuGet.targets = .nuget\NuGet.targets
	EndProjectSection
EndProject
Global
	GlobalSection(SolutionConfigurationPlatforms) = preSolution
		Debug|Any CPU = Debug|Any CPU
		Release|Any CPU = Release|Any CPU
	EndGlobalSection
	GlobalSection(ProjectConfigurationPlatforms) = postSolution
		{A958DF54-4AB7-403E-B2A1-F3DB36F94228}.Debug|Any CPU.ActiveCfg = Debug|Any CPU
		{A958DF54-4AB7-403E-B2A1-F3DB36F94228}.Debug|Any CPU.Build.0 = Debug|Any CPU
		{A958DF54-4AB7-403E-B2A1-F3DB36F94228}.Release|Any CPU.ActiveCfg = Release|Any CPU
		{A958DF54-4AB7-403E-B2A1-F3DB36F94228}.Release|Any CPU.Build.0 = Release|Any CPU
		{E0086074-ECF3-40F3-8D78-FF297D2AA9D5}.Debug|Any CPU.ActiveCfg = Debug|Any CPU
		{E0086074-ECF3-40F3-8D78-FF297D2AA9D5}.Debug|Any CPU.Build.0 = Debug|Any CPU
		{E0086074-ECF3-40F3-8D78-FF297D2AA9D5}.Release|Any CPU.ActiveCfg = Release|Any CPU
		{E0086074-ECF3-40F3-8D78-FF297D2AA9D5}.Release|Any CPU.Build.0 = Release|Any CPU
		{4FD26D8F-6E0C-4001-93C8-6D9851AA8208}.Debug|Any CPU.ActiveCfg = Debug|Any CPU
		{4FD26D8F-6E0C-4001-93C8-6D9851AA8208}.Debug|Any CPU.Build.0 = Debug|Any CPU
		{4FD26D8F-6E0C-4001-93C8-6D9851AA8208}.Release|Any CPU.ActiveCfg = Release|Any CPU
		{4FD26D8F-6E0C-4001-93C8-6D9851AA8208}.Release|Any CPU.Build.0 = Release|Any CPU
		{E98955EA-F7C4-41CB-AC9F-4861CB1068E4}.Debug|Any CPU.ActiveCfg = Debug|Any CPU
		{E98955EA-F7C4-41CB-AC9F-4861CB1068E4}.Debug|Any CPU.Build.0 = Debug|Any CPU
		{E98955EA-F7C4-41CB-AC9F-4861CB1068E4}.Release|Any CPU.ActiveCfg = Release|Any CPU
		{E98955EA-F7C4-41CB-AC9F-4861CB1068E4}.Release|Any CPU.Build.0 = Release|Any CPU
		{BA07322F-03CC-4B19-B8CE-D5487EF2E6E5}.Debug|Any CPU.ActiveCfg = Debug|Any CPU
		{BA07322F-03CC-4B19-B8CE-D5487EF2E6E5}.Debug|Any CPU.Build.0 = Debug|Any CPU
		{BA07322F-03CC-4B19-B8CE-D5487EF2E6E5}.Release|Any CPU.ActiveCfg = Release|Any CPU
		{BA07322F-03CC-4B19-B8CE-D5487EF2E6E5}.Release|Any CPU.Build.0 = Release|Any CPU
		{A81CB465-2FD0-4CE7-AF77-9A18D50F7410}.Debug|Any CPU.ActiveCfg = Debug|Any CPU
		{A81CB465-2FD0-4CE7-AF77-9A18D50F7410}.Debug|Any CPU.Build.0 = Debug|Any CPU
		{A81CB465-2FD0-4CE7-AF77-9A18D50F7410}.Release|Any CPU.ActiveCfg = Release|Any CPU
		{A81CB465-2FD0-4CE7-AF77-9A18D50F7410}.Release|Any CPU.Build.0 = Release|Any CPU
		{D7E8622A-2193-4ACB-8F6C-31DEFA236F84}.Debug|Any CPU.ActiveCfg = Debug|Any CPU
		{D7E8622A-2193-4ACB-8F6C-31DEFA236F84}.Debug|Any CPU.Build.0 = Debug|Any CPU
		{D7E8622A-2193-4ACB-8F6C-31DEFA236F84}.Release|Any CPU.ActiveCfg = Release|Any CPU
		{D7E8622A-2193-4ACB-8F6C-31DEFA236F84}.Release|Any CPU.Build.0 = Release|Any CPU
	EndGlobalSection
	GlobalSection(SolutionProperties) = preSolution
		HideSolutionNode = FALSE
	EndGlobalSection
EndGlobal
